
Microsoft Visual Studio Solution File, Format Version 12.00
# Visual Studio Version 17
VisualStudioVersion = 17.7.34221.43
MinimumVisualStudioVersion = 10.0.40219.1
Project("{FAE04EC0-301F-11D3-BF4B-00C04F79EFBC}") = "GestionPilotes", "GestionPilotes.csproj", "{2AE3CC31-A028-4D66-9E64-5FF7EE525858}"
EndProject
Global
	GlobalSection(SolutionConfigurationPlatforms) = preSolution
		Debug|Any CPU = Debug|Any CPU
		Release|Any CPU = Release|Any CPU
	EndGlobalSection
	GlobalSection(ProjectConfigurationPlatforms) = postSolution
		{2AE3CC31-A028-4D66-9E64-5FF7EE525858}.Debug|Any CPU.ActiveCfg = Debug|Any CPU
		{2AE3CC31-A028-4D66-9E64-5FF7EE525858}.Debug|Any CPU.Build.0 = Debug|Any CPU
		{2AE3CC31-A028-4D66-9E64-5FF7EE525858}.Release|Any CPU.ActiveCfg = Release|Any CPU
		{2AE3CC31-A028-4D66-9E64-5FF7EE525858}.Release|Any CPU.Build.0 = Release|Any CPU
	EndGlobalSection
	GlobalSection(SolutionProperties) = preSolution
		HideSolutionNode = FALSE
	EndGlobalSection
	GlobalSection(ExtensibilityGlobals) = postSolution
		SolutionGuid = {FBD401D7-41DF-4C46-97C2-D57BFC08DC23}
	EndGlobalSection
EndGlobal
